
Microsoft Visual Studio Solution File, Format Version 12.00
# Visual Studio Version 16
VisualStudioVersion = 16.0.30309.148
MinimumVisualStudioVersion = 10.0.40219.1
Project("{FAE04EC0-301F-11D3-BF4B-00C04F79EFBC}") = "TaxApi", "TaxApi\TaxApi.csproj", "{8D6F5F79-E6E2-4182-AFEA-8398302361C0}"
EndProject
Project("{FAE04EC0-301F-11D3-BF4B-00C04F79EFBC}") = "TaxApi.Tests", "XUnitTestProject\TaxApi.Tests.csproj", "{F175E31D-15C6-4712-A255-CFDCDD1100C3}"
EndProject
Global
	GlobalSection(SolutionConfigurationPlatforms) = preSolution
		Debug|Any CPU = Debug|Any CPU
		Release|Any CPU = Release|Any CPU
	EndGlobalSection
	GlobalSection(ProjectConfigurationPlatforms) = postSolution
		{8D6F5F79-E6E2-4182-AFEA-8398302361C0}.Debug|Any CPU.ActiveCfg = Debug|Any CPU
		{8D6F5F79-E6E2-4182-AFEA-8398302361C0}.Debug|Any CPU.Build.0 = Debug|Any CPU
		{8D6F5F79-E6E2-4182-AFEA-8398302361C0}.Release|Any CPU.ActiveCfg = Release|Any CPU
		{8D6F5F79-E6E2-4182-AFEA-8398302361C0}.Release|Any CPU.Build.0 = Release|Any CPU
		{F175E31D-15C6-4712-A255-CFDCDD1100C3}.Debug|Any CPU.ActiveCfg = Debug|Any CPU
		{F175E31D-15C6-4712-A255-CFDCDD1100C3}.Debug|Any CPU.Build.0 = Debug|Any CPU
		{F175E31D-15C6-4712-A255-CFDCDD1100C3}.Release|Any CPU.ActiveCfg = Release|Any CPU
		{F175E31D-15C6-4712-A255-CFDCDD1100C3}.Release|Any CPU.Build.0 = Release|Any CPU
	EndGlobalSection
	GlobalSection(SolutionProperties) = preSolution
		HideSolutionNode = FALSE
	EndGlobalSection
	GlobalSection(ExtensibilityGlobals) = postSolution
		SolutionGuid = {69169A99-CAE1-4A6A-9384-7BC6C282515B}
	EndGlobalSection
EndGlobal
